
Microsoft Visual Studio Solution File, Format Version 12.00
# Visual Studio Version 17
VisualStudioVersion = 17.4.33122.133
MinimumVisualStudioVersion = 10.0.40219.1
Project("{FAE04EC0-301F-11D3-BF4B-00C04F79EFBC}") = "API-test-1", "API-test-1\API-test-1.csproj", "{407A08B2-E18C-4D2E-B7C0-CA5B758B107F}"
EndProject
Global
	GlobalSection(SolutionConfigurationPlatforms) = preSolution
		Debug|Any CPU = Debug|Any CPU
		Release|Any CPU = Release|Any CPU
	EndGlobalSection
	GlobalSection(ProjectConfigurationPlatforms) = postSolution
		{407A08B2-E18C-4D2E-B7C0-CA5B758B107F}.Debug|Any CPU.ActiveCfg = Debug|Any CPU
		{407A08B2-E18C-4D2E-B7C0-CA5B758B107F}.Debug|Any CPU.Build.0 = Debug|Any CPU
		{407A08B2-E18C-4D2E-B7C0-CA5B758B107F}.Release|Any CPU.ActiveCfg = Release|Any CPU
		{407A08B2-E18C-4D2E-B7C0-CA5B758B107F}.Release|Any CPU.Build.0 = Release|Any CPU
	EndGlobalSection
	GlobalSection(SolutionProperties) = preSolution
		HideSolutionNode = FALSE
	EndGlobalSection
	GlobalSection(ExtensibilityGlobals) = postSolution
		SolutionGuid = {80D87943-8E17-4AE7-ADDC-1584AF34B3F2}
	EndGlobalSection
EndGlobal
